
Microsoft Visual Studio Solution File, Format Version 12.00
# Visual Studio Version 17
VisualStudioVersion = 17.14.36414.22 d17.14
MinimumVisualStudioVersion = 10.0.40219.1
Project("{FAE04EC0-301F-11D3-BF4B-00C04F79EFBC}") = "GalileoDataLab", "GalileoDataLab.csproj", "{FCD549CE-F195-473F-8972-E91CB2E1F5A0}"
EndProject
Global
	GlobalSection(SolutionConfigurationPlatforms) = preSolution
		Debug|Any CPU = Debug|Any CPU
		Release|Any CPU = Release|Any CPU
	EndGlobalSection
	GlobalSection(ProjectConfigurationPlatforms) = postSolution
		{FCD549CE-F195-473F-8972-E91CB2E1F5A0}.Debug|Any CPU.ActiveCfg = Debug|Any CPU
		{FCD549CE-F195-473F-8972-E91CB2E1F5A0}.Debug|Any CPU.Build.0 = Debug|Any CPU
		{FCD549CE-F195-473F-8972-E91CB2E1F5A0}.Release|Any CPU.ActiveCfg = Release|Any CPU
		{FCD549CE-F195-473F-8972-E91CB2E1F5A0}.Release|Any CPU.Build.0 = Release|Any CPU
	EndGlobalSection
	GlobalSection(SolutionProperties) = preSolution
		HideSolutionNode = FALSE
	EndGlobalSection
	GlobalSection(ExtensibilityGlobals) = postSolution
		SolutionGuid = {0E7957A6-5AE9-41F0-B3E9-BDBC591E5D37}
	EndGlobalSection
EndGlobal
